
Microsoft Visual Studio Solution File, Format Version 12.00
# Visual Studio Version 16
VisualStudioVersion = 16.0.30804.86
MinimumVisualStudioVersion = 10.0.40219.1
Project("{FAE04EC0-301F-11D3-BF4B-00C04F79EFBC}") = "PowerPlug", "PowerPlug\PowerPlug.csproj", "{DF8484C0-1666-4981-81A9-AC0A7EBCBE76}"
EndProject
Global
	GlobalSection(SolutionConfigurationPlatforms) = preSolution
		Debug|Any CPU = Debug|Any CPU
		Release|Any CPU = Release|Any CPU
	EndGlobalSection
	GlobalSection(ProjectConfigurationPlatforms) = postSolution
		{DF8484C0-1666-4981-81A9-AC0A7EBCBE76}.Debug|Any CPU.ActiveCfg = Debug|Any CPU
		{DF8484C0-1666-4981-81A9-AC0A7EBCBE76}.Debug|Any CPU.Build.0 = Debug|Any CPU
		{DF8484C0-1666-4981-81A9-AC0A7EBCBE76}.Release|Any CPU.ActiveCfg = Release|Any CPU
		{DF8484C0-1666-4981-81A9-AC0A7EBCBE76}.Release|Any CPU.Build.0 = Release|Any CPU
	EndGlobalSection
	GlobalSection(SolutionProperties) = preSolution
		HideSolutionNode = FALSE
	EndGlobalSection
	GlobalSection(ExtensibilityGlobals) = postSolution
		SolutionGuid = {E2141D00-E336-44CB-B50B-0D9080B0839D}
	EndGlobalSection
EndGlobal
