
Microsoft Visual Studio Solution File, Format Version 12.00
# Visual Studio Version 16
VisualStudioVersion = 16.0.30804.86
MinimumVisualStudioVersion = 10.0.40219.1
Project("{9A19103F-16F7-4668-BE54-9A1E7A4F7556}") = "PowerPlug", "PowerPlug\PowerPlug.csproj", "{7F8C17F9-C254-44FB-ACD8-5047259B9017}"
EndProject
Project("{2150E333-8FDC-42A3-9474-1A3956D46DE8}") = "Solution Items", "Solution Items", "{720A0D3D-CDFB-4FCB-B42D-04FB994FFC6E}"
	ProjectSection(SolutionItems) = preProject
		.editorconfig = .editorconfig
	EndProjectSection
EndProject
Project("{FAE04EC0-301F-11D3-BF4B-00C04F79EFBC}") = "PowerPlugMSTest", "PowerPlugMSTest\PowerPlugMSTest.csproj", "{1E555EAC-481F-4C98-A299-E7432D10F392}"
EndProject
Global
	GlobalSection(SolutionConfigurationPlatforms) = preSolution
		Debug|Any CPU = Debug|Any CPU
		Release|Any CPU = Release|Any CPU
	EndGlobalSection
	GlobalSection(ProjectConfigurationPlatforms) = postSolution
		{7F8C17F9-C254-44FB-ACD8-5047259B9017}.Debug|Any CPU.ActiveCfg = Debug|Any CPU
		{7F8C17F9-C254-44FB-ACD8-5047259B9017}.Debug|Any CPU.Build.0 = Debug|Any CPU
		{7F8C17F9-C254-44FB-ACD8-5047259B9017}.Release|Any CPU.ActiveCfg = Release|Any CPU
		{7F8C17F9-C254-44FB-ACD8-5047259B9017}.Release|Any CPU.Build.0 = Release|Any CPU
		{1E555EAC-481F-4C98-A299-E7432D10F392}.Debug|Any CPU.ActiveCfg = Debug|Any CPU
		{1E555EAC-481F-4C98-A299-E7432D10F392}.Debug|Any CPU.Build.0 = Debug|Any CPU
		{1E555EAC-481F-4C98-A299-E7432D10F392}.Release|Any CPU.ActiveCfg = Release|Any CPU
		{1E555EAC-481F-4C98-A299-E7432D10F392}.Release|Any CPU.Build.0 = Release|Any CPU
	EndGlobalSection
	GlobalSection(SolutionProperties) = preSolution
		HideSolutionNode = FALSE
	EndGlobalSection
	GlobalSection(ExtensibilityGlobals) = postSolution
		SolutionGuid = {C471DD22-8D08-4FF2-BDDA-19A4F7E69EE7}
	EndGlobalSection
EndGlobal
